// !$*UTF8*$!
{
	archiveVersion = 1;
	classes = {
	};
	objectVersion = 56;
	objects = {

/* Begin PBXBuildFile section */
		A8A0C66F2BC69E4900BE816A /* UserService.swift in Sources */ = {isa = PBXBuildFile; fileRef = A8A0C66E2BC69E4900BE816A /* UserService.swift */; };
		A8A0C6732BC69EFF00BE816A /* SearchViewModel.swift in Sources */ = {isa = PBXBuildFile; fileRef = A8A0C6722BC69EFF00BE816A /* SearchViewModel.swift */; };
		A8A0C6752BC6ACAF00BE816A /* EditProfileView.swift in Sources */ = {isa = PBXBuildFile; fileRef = A8A0C6742BC6ACAF00BE816A /* EditProfileView.swift */; };
		A8A0C6792BC6B18A00BE816A /* EditProfileViewModel.swift in Sources */ = {isa = PBXBuildFile; fileRef = A8A0C6782BC6B18A00BE816A /* EditProfileViewModel.swift */; };
		A8A0C67B2BC6BF6700BE816A /* ImageUploader.swift in Sources */ = {isa = PBXBuildFile; fileRef = A8A0C67A2BC6BF6700BE816A /* ImageUploader.swift */; };
		A8A0C67E2BC6C9DC00BE816A /* Kingfisher in Frameworks */ = {isa = PBXBuildFile; productRef = A8A0C67D2BC6C9DC00BE816A /* Kingfisher */; };
		A8A0C6802BC6CA2000BE816A /* CircularProfileImageView.swift in Sources */ = {isa = PBXBuildFile; fileRef = A8A0C67F2BC6CA2000BE816A /* CircularProfileImageView.swift */; };
		A8A0C6862BC6D37700BE816A /* FeedViewModel.swift in Sources */ = {isa = PBXBuildFile; fileRef = A8A0C6852BC6D37700BE816A /* FeedViewModel.swift */; };
		A8A0C6882BC6D8B900BE816A /* PostService.swift in Sources */ = {isa = PBXBuildFile; fileRef = A8A0C6872BC6D8B900BE816A /* PostService.swift */; };
		A8A0C68C2BC6DAAC00BE816A /* PostGridViewModel.swift in Sources */ = {isa = PBXBuildFile; fileRef = A8A0C68B2BC6DAAC00BE816A /* PostGridViewModel.swift */; };
		A8B040872BC54786008804E5 /* InstagramApp.swift in Sources */ = {isa = PBXBuildFile; fileRef = A8B040862BC54786008804E5 /* InstagramApp.swift */; };
		A8B040892BC54786008804E5 /* ContentView.swift in Sources */ = {isa = PBXBuildFile; fileRef = A8B040882BC54786008804E5 /* ContentView.swift */; };
		A8B0408B2BC54787008804E5 /* Assets.xcassets in Resources */ = {isa = PBXBuildFile; fileRef = A8B0408A2BC54787008804E5 /* Assets.xcassets */; };
		A8B0408E2BC54787008804E5 /* Preview Assets.xcassets in Resources */ = {isa = PBXBuildFile; fileRef = A8B0408D2BC54787008804E5 /* Preview Assets.xcassets */; };
		A8B040A22BC54859008804E5 /* MainTabView.swift in Sources */ = {isa = PBXBuildFile; fileRef = A8B040A12BC54859008804E5 /* MainTabView.swift */; };
		A8B040A42BC54934008804E5 /* ProfileView.swift in Sources */ = {isa = PBXBuildFile; fileRef = A8B040A32BC54934008804E5 /* ProfileView.swift */; };
		A8B040A72BC5546F008804E5 /* UserStatView.swift in Sources */ = {isa = PBXBuildFile; fileRef = A8B040A62BC5546F008804E5 /* UserStatView.swift */; };
		A8E6B3DD2BC57FEF007CF4EC /* FeedCell.swift in Sources */ = {isa = PBXBuildFile; fileRef = A8E6B3DC2BC57FEE007CF4EC /* FeedCell.swift */; };
		A8E6B3DF2BC57FF5007CF4EC /* FeedView.swift in Sources */ = {isa = PBXBuildFile; fileRef = A8E6B3DE2BC57FF5007CF4EC /* FeedView.swift */; };
		A8E6B3E12BC584C3007CF4EC /* SearchView.swift in Sources */ = {isa = PBXBuildFile; fileRef = A8E6B3E02BC584C3007CF4EC /* SearchView.swift */; };
		A8E6B3E32BC5867E007CF4EC /* LoginView.swift in Sources */ = {isa = PBXBuildFile; fileRef = A8E6B3E22BC5867E007CF4EC /* LoginView.swift */; };
		A8E6B3E52BC58BC9007CF4EC /* AddEmailView.swift in Sources */ = {isa = PBXBuildFile; fileRef = A8E6B3E42BC58BC9007CF4EC /* AddEmailView.swift */; };
		A8E6B3E72BC58D92007CF4EC /* IGTextFieldModifier.swift in Sources */ = {isa = PBXBuildFile; fileRef = A8E6B3E62BC58D92007CF4EC /* IGTextFieldModifier.swift */; };
		A8E6B3E92BC58E2E007CF4EC /* CreateUserNameView.swift in Sources */ = {isa = PBXBuildFile; fileRef = A8E6B3E82BC58E2E007CF4EC /* CreateUserNameView.swift */; };
		A8E6B3EB2BC58F87007CF4EC /* CreatePasswordView.swift in Sources */ = {isa = PBXBuildFile; fileRef = A8E6B3EA2BC58F87007CF4EC /* CreatePasswordView.swift */; };
		A8E6B3ED2BC59039007CF4EC /* CompleteSignUpView.swift in Sources */ = {isa = PBXBuildFile; fileRef = A8E6B3EC2BC59039007CF4EC /* CompleteSignUpView.swift */; };
		A8E6B3EF2BC59622007CF4EC /* User.swift in Sources */ = {isa = PBXBuildFile; fileRef = A8E6B3EE2BC59622007CF4EC /* User.swift */; };
		A8E6B3F12BC599BF007CF4EC /* CurrentUserProfileView.swift in Sources */ = {isa = PBXBuildFile; fileRef = A8E6B3F02BC599BF007CF4EC /* CurrentUserProfileView.swift */; };
		A8E6B3F32BC59C52007CF4EC /* Post.swift in Sources */ = {isa = PBXBuildFile; fileRef = A8E6B3F22BC59C52007CF4EC /* Post.swift */; };
		A8E6B3F52BC5A065007CF4EC /* PostGridView.swift in Sources */ = {isa = PBXBuildFile; fileRef = A8E6B3F42BC5A065007CF4EC /* PostGridView.swift */; };
		A8E6B3F72BC5A149007CF4EC /* ProfileHeaderView.swift in Sources */ = {isa = PBXBuildFile; fileRef = A8E6B3F62BC5A149007CF4EC /* ProfileHeaderView.swift */; };
		A8E6B3F92BC5A2FA007CF4EC /* UploadPostView.swift in Sources */ = {isa = PBXBuildFile; fileRef = A8E6B3F82BC5A2FA007CF4EC /* UploadPostView.swift */; };
		A8E6B3FB2BC5A525007CF4EC /* UploadPostViewModel.swift in Sources */ = {isa = PBXBuildFile; fileRef = A8E6B3FA2BC5A524007CF4EC /* UploadPostViewModel.swift */; };
		A8E6B3FD2BC5AF0C007CF4EC /* GoogleService-Info.plist in Resources */ = {isa = PBXBuildFile; fileRef = A8E6B3FC2BC5AF0C007CF4EC /* GoogleService-Info.plist */; };
		A8E6B4002BC5AFCE007CF4EC /* FirebaseAuth in Frameworks */ = {isa = PBXBuildFile; productRef = A8E6B3FF2BC5AFCE007CF4EC /* FirebaseAuth */; };
		A8E6B4022BC5AFCE007CF4EC /* FirebaseFirestore in Frameworks */ = {isa = PBXBuildFile; productRef = A8E6B4012BC5AFCE007CF4EC /* FirebaseFirestore */; };
		A8E6B4042BC5AFCE007CF4EC /* FirebaseFirestoreSwift in Frameworks */ = {isa = PBXBuildFile; productRef = A8E6B4032BC5AFCE007CF4EC /* FirebaseFirestoreSwift */; };
		A8E6B4062BC5AFCE007CF4EC /* FirebaseStorage in Frameworks */ = {isa = PBXBuildFile; productRef = A8E6B4052BC5AFCE007CF4EC /* FirebaseStorage */; };
		A8E6B4092BC5B164007CF4EC /* AuthService.swift in Sources */ = {isa = PBXBuildFile; fileRef = A8E6B4082BC5B164007CF4EC /* AuthService.swift */; };
		A8E6B40D2BC5B289007CF4EC /* ContentViewModel.swift in Sources */ = {isa = PBXBuildFile; fileRef = A8E6B40C2BC5B289007CF4EC /* ContentViewModel.swift */; };
		A8E6B40F2BC5B79D007CF4EC /* RegistrationViewModel.swift in Sources */ = {isa = PBXBuildFile; fileRef = A8E6B40E2BC5B79D007CF4EC /* RegistrationViewModel.swift */; };
		A8E6B4132BC5C45C007CF4EC /* LoginViewModel.swift in Sources */ = {isa = PBXBuildFile; fileRef = A8E6B4122BC5C45C007CF4EC /* LoginViewModel.swift */; };
/* End PBXBuildFile section */

/* Begin PBXFileReference section */
		A8A0C66E2BC69E4900BE816A /* UserService.swift */ = {isa = PBXFileReference; lastKnownFileType = sourcecode.swift; path = UserService.swift; sourceTree = "<group>"; };
		A8A0C6722BC69EFF00BE816A /* SearchViewModel.swift */ = {isa = PBXFileReference; lastKnownFileType = sourcecode.swift; path = SearchViewModel.swift; sourceTree = "<group>"; };
		A8A0C6742BC6ACAF00BE816A /* EditProfileView.swift */ = {isa = PBXFileReference; lastKnownFileType = sourcecode.swift; path = EditProfileView.swift; sourceTree = "<group>"; };
		A8A0C6782BC6B18A00BE816A /* EditProfileViewModel.swift */ = {isa = PBXFileReference; lastKnownFileType = sourcecode.swift; path = EditProfileViewModel.swift; sourceTree = "<group>"; };
		A8A0C67A2BC6BF6700BE816A /* ImageUploader.swift */ = {isa = PBXFileReference; lastKnownFileType = sourcecode.swift; path = ImageUploader.swift; sourceTree = "<group>"; };
		A8A0C67F2BC6CA2000BE816A /* CircularProfileImageView.swift */ = {isa = PBXFileReference; lastKnownFileType = sourcecode.swift; path = CircularProfileImageView.swift; sourceTree = "<group>"; };
		A8A0C6852BC6D37700BE816A /* FeedViewModel.swift */ = {isa = PBXFileReference; lastKnownFileType = sourcecode.swift; path = FeedViewModel.swift; sourceTree = "<group>"; };
		A8A0C6872BC6D8B900BE816A /* PostService.swift */ = {isa = PBXFileReference; lastKnownFileType = sourcecode.swift; path = PostService.swift; sourceTree = "<group>"; };
		A8A0C68B2BC6DAAC00BE816A /* PostGridViewModel.swift */ = {isa = PBXFileReference; lastKnownFileType = sourcecode.swift; path = PostGridViewModel.swift; sourceTree = "<group>"; };
		A8B040832BC54786008804E5 /* Instagram.app */ = {isa = PBXFileReference; explicitFileType = wrapper.application; includeInIndex = 0; path = Instagram.app; sourceTree = BUILT_PRODUCTS_DIR; };
		A8B040862BC54786008804E5 /* InstagramApp.swift */ = {isa = PBXFileReference; lastKnownFileType = sourcecode.swift; path = InstagramApp.swift; sourceTree = "<group>"; };
		A8B040882BC54786008804E5 /* ContentView.swift */ = {isa = PBXFileReference; lastKnownFileType = sourcecode.swift; path = ContentView.swift; sourceTree = "<group>"; };
		A8B0408A2BC54787008804E5 /* Assets.xcassets */ = {isa = PBXFileReference; lastKnownFileType = folder.assetcatalog; path = Assets.xcassets; sourceTree = "<group>"; };
		A8B0408D2BC54787008804E5 /* Preview Assets.xcassets */ = {isa = PBXFileReference; lastKnownFileType = folder.assetcatalog; path = "Preview Assets.xcassets"; sourceTree = "<group>"; };
		A8B040A12BC54859008804E5 /* MainTabView.swift */ = {isa = PBXFileReference; lastKnownFileType = sourcecode.swift; path = MainTabView.swift; sourceTree = "<group>"; };
		A8B040A32BC54934008804E5 /* ProfileView.swift */ = {isa = PBXFileReference; lastKnownFileType = sourcecode.swift; path = ProfileView.swift; sourceTree = "<group>"; };
		A8B040A62BC5546F008804E5 /* UserStatView.swift */ = {isa = PBXFileReference; lastKnownFileType = sourcecode.swift; path = UserStatView.swift; sourceTree = "<group>"; };
		A8E6B3DC2BC57FEE007CF4EC /* FeedCell.swift */ = {isa = PBXFileReference; lastKnownFileType = sourcecode.swift; path = FeedCell.swift; sourceTree = "<group>"; };
		A8E6B3DE2BC57FF5007CF4EC /* FeedView.swift */ = {isa = PBXFileReference; lastKnownFileType = sourcecode.swift; path = FeedView.swift; sourceTree = "<group>"; };
		A8E6B3E02BC584C3007CF4EC /* SearchView.swift */ = {isa = PBXFileReference; lastKnownFileType = sourcecode.swift; path = SearchView.swift; sourceTree = "<group>"; };
		A8E6B3E22BC5867E007CF4EC /* LoginView.swift */ = {isa = PBXFileReference; lastKnownFileType = sourcecode.swift; path = LoginView.swift; sourceTree = "<group>"; };
		A8E6B3E42BC58BC9007CF4EC /* AddEmailView.swift */ = {isa = PBXFileReference; lastKnownFileType = sourcecode.swift; path = AddEmailView.swift; sourceTree = "<group>"; };
		A8E6B3E62BC58D92007CF4EC /* IGTextFieldModifier.swift */ = {isa = PBXFileReference; lastKnownFileType = sourcecode.swift; path = IGTextFieldModifier.swift; sourceTree = "<group>"; };
		A8E6B3E82BC58E2E007CF4EC /* CreateUserNameView.swift */ = {isa = PBXFileReference; lastKnownFileType = sourcecode.swift; path = CreateUserNameView.swift; sourceTree = "<group>"; };
		A8E6B3EA2BC58F87007CF4EC /* CreatePasswordView.swift */ = {isa = PBXFileReference; lastKnownFileType = sourcecode.swift; path = CreatePasswordView.swift; sourceTree = "<group>"; };
		A8E6B3EC2BC59039007CF4EC /* CompleteSignUpView.swift */ = {isa = PBXFileReference; lastKnownFileType = sourcecode.swift; path = CompleteSignUpView.swift; sourceTree = "<group>"; };
		A8E6B3EE2BC59622007CF4EC /* User.swift */ = {isa = PBXFileReference; lastKnownFileType = sourcecode.swift; path = User.swift; sourceTree = "<group>"; };
		A8E6B3F02BC599BF007CF4EC /* CurrentUserProfileView.swift */ = {isa = PBXFileReference; lastKnownFileType = sourcecode.swift; path = CurrentUserProfileView.swift; sourceTree = "<group>"; };
		A8E6B3F22BC59C52007CF4EC /* Post.swift */ = {isa = PBXFileReference; lastKnownFileType = sourcecode.swift; path = Post.swift; sourceTree = "<group>"; };
		A8E6B3F42BC5A065007CF4EC /* PostGridView.swift */ = {isa = PBXFileReference; lastKnownFileType = sourcecode.swift; path = PostGridView.swift; sourceTree = "<group>"; };
		A8E6B3F62BC5A149007CF4EC /* ProfileHeaderView.swift */ = {isa = PBXFileReference; lastKnownFileType = sourcecode.swift; path = ProfileHeaderView.swift; sourceTree = "<group>"; };
		A8E6B3F82BC5A2FA007CF4EC /* UploadPostView.swift */ = {isa = PBXFileReference; lastKnownFileType = sourcecode.swift; path = UploadPostView.swift; sourceTree = "<group>"; };
		A8E6B3FA2BC5A524007CF4EC /* UploadPostViewModel.swift */ = {isa = PBXFileReference; lastKnownFileType = sourcecode.swift; path = UploadPostViewModel.swift; sourceTree = "<group>"; };
		A8E6B3FC2BC5AF0C007CF4EC /* GoogleService-Info.plist */ = {isa = PBXFileReference; fileEncoding = 4; lastKnownFileType = text.plist.xml; path = "GoogleService-Info.plist"; sourceTree = "<group>"; };
		A8E6B4082BC5B164007CF4EC /* AuthService.swift */ = {isa = PBXFileReference; lastKnownFileType = sourcecode.swift; path = AuthService.swift; sourceTree = "<group>"; };
		A8E6B40C2BC5B289007CF4EC /* ContentViewModel.swift */ = {isa = PBXFileReference; lastKnownFileType = sourcecode.swift; path = ContentViewModel.swift; sourceTree = "<group>"; };
		A8E6B40E2BC5B79D007CF4EC /* RegistrationViewModel.swift */ = {isa = PBXFileReference; lastKnownFileType = sourcecode.swift; path = RegistrationViewModel.swift; sourceTree = "<group>"; };
		A8E6B4122BC5C45C007CF4EC /* LoginViewModel.swift */ = {isa = PBXFileReference; lastKnownFileType = sourcecode.swift; path = LoginViewModel.swift; sourceTree = "<group>"; };
/* End PBXFileReference section */

/* Begin PBXFrameworksBuildPhase section */
		A8B040802BC54786008804E5 /* Frameworks */ = {
			isa = PBXFrameworksBuildPhase;
			buildActionMask = 2147483647;
			files = (
				A8E6B4002BC5AFCE007CF4EC /* FirebaseAuth in Frameworks */,
				A8E6B4062BC5AFCE007CF4EC /* FirebaseStorage in Frameworks */,
				A8E6B4022BC5AFCE007CF4EC /* FirebaseFirestore in Frameworks */,
				A8E6B4042BC5AFCE007CF4EC /* FirebaseFirestoreSwift in Frameworks */,
				A8A0C67E2BC6C9DC00BE816A /* Kingfisher in Frameworks */,
			);
			runOnlyForDeploymentPostprocessing = 0;
		};
/* End PBXFrameworksBuildPhase section */

/* Begin PBXGroup section */
		A8A0C6702BC69EDD00BE816A /* View */ = {
			isa = PBXGroup;
			children = (
				A8E6B3E02BC584C3007CF4EC /* SearchView.swift */,
			);
			path = View;
			sourceTree = "<group>";
		};
		A8A0C6712BC69EE400BE816A /* ViewModel */ = {
			isa = PBXGroup;
			children = (
				A8A0C6722BC69EFF00BE816A /* SearchViewModel.swift */,
			);
			path = ViewModel;
			sourceTree = "<group>";
		};
		A8A0C6762BC6B17700BE816A /* ViewModel */ = {
			isa = PBXGroup;
			children = (
				A8A0C6782BC6B18A00BE816A /* EditProfileViewModel.swift */,
			);
			path = ViewModel;
			sourceTree = "<group>";
		};
		A8A0C6772BC6B17C00BE816A /* View */ = {
			isa = PBXGroup;
			children = (
				A8B040A32BC54934008804E5 /* ProfileView.swift */,
				A8E6B3F02BC599BF007CF4EC /* CurrentUserProfileView.swift */,
				A8E6B3F62BC5A149007CF4EC /* ProfileHeaderView.swift */,
				A8A0C6742BC6ACAF00BE816A /* EditProfileView.swift */,
			);
			path = View;
			sourceTree = "<group>";
		};
		A8A0C6812BC6CE9600BE816A /* View */ = {
			isa = PBXGroup;
			children = (
				A8E6B3F82BC5A2FA007CF4EC /* UploadPostView.swift */,
			);
			path = View;
			sourceTree = "<group>";
		};
		A8A0C6822BC6CE9B00BE816A /* ViewModel */ = {
			isa = PBXGroup;
			children = (
				A8E6B3FA2BC5A524007CF4EC /* UploadPostViewModel.swift */,
			);
			path = ViewModel;
			sourceTree = "<group>";
		};
		A8A0C6832BC6D35C00BE816A /* View */ = {
			isa = PBXGroup;
			children = (
				A8E6B3DC2BC57FEE007CF4EC /* FeedCell.swift */,
				A8E6B3DE2BC57FF5007CF4EC /* FeedView.swift */,
			);
			path = View;
			sourceTree = "<group>";
		};
		A8A0C6842BC6D36200BE816A /* ViewModel */ = {
			isa = PBXGroup;
			children = (
				A8A0C6852BC6D37700BE816A /* FeedViewModel.swift */,
			);
			path = ViewModel;
			sourceTree = "<group>";
		};
		A8A0C6892BC6DA7700BE816A /* View */ = {
			isa = PBXGroup;
			children = (
				A8B040A62BC5546F008804E5 /* UserStatView.swift */,
				A8E6B3E62BC58D92007CF4EC /* IGTextFieldModifier.swift */,
				A8E6B3F42BC5A065007CF4EC /* PostGridView.swift */,
				A8A0C67F2BC6CA2000BE816A /* CircularProfileImageView.swift */,
			);
			path = View;
			sourceTree = "<group>";
		};
		A8A0C68A2BC6DA7E00BE816A /* ViewModel */ = {
			isa = PBXGroup;
			children = (
				A8A0C68B2BC6DAAC00BE816A /* PostGridViewModel.swift */,
			);
			path = ViewModel;
			sourceTree = "<group>";
		};
		A8B0407A2BC54786008804E5 = {
			isa = PBXGroup;
			children = (
				A8B040852BC54786008804E5 /* Instagram */,
				A8B040842BC54786008804E5 /* Products */,
			);
			sourceTree = "<group>";
		};
		A8B040842BC54786008804E5 /* Products */ = {
			isa = PBXGroup;
			children = (
				A8B040832BC54786008804E5 /* Instagram.app */,
			);
			name = Products;
			sourceTree = "<group>";
		};
		A8B040852BC54786008804E5 /* Instagram */ = {
			isa = PBXGroup;
			children = (
				A8E6B3FC2BC5AF0C007CF4EC /* GoogleService-Info.plist */,
				A8B040862BC54786008804E5 /* InstagramApp.swift */,
				A8B0408A2BC54787008804E5 /* Assets.xcassets */,
				A8B040992BC547B0008804E5 /* App */,
				A8B040A52BC55453008804E5 /* Components */,
				A8B040982BC547AE008804E5 /* Core */,
				A8B040972BC547AC008804E5 /* Extensions */,
				A8B040952BC547A8008804E5 /* Model */,
				A8B0408C2BC54787008804E5 /* Preview Content */,
				A8B040962BC547AA008804E5 /* Services */,
			);
			path = Instagram;
			sourceTree = "<group>";
		};
		A8B0408C2BC54787008804E5 /* Preview Content */ = {
			isa = PBXGroup;
			children = (
				A8B0408D2BC54787008804E5 /* Preview Assets.xcassets */,
			);
			path = "Preview Content";
			sourceTree = "<group>";
		};
		A8B040952BC547A8008804E5 /* Model */ = {
			isa = PBXGroup;
			children = (
				A8E6B3EE2BC59622007CF4EC /* User.swift */,
				A8E6B3F22BC59C52007CF4EC /* Post.swift */,
			);
			path = Model;
			sourceTree = "<group>";
		};
		A8B040962BC547AA008804E5 /* Services */ = {
			isa = PBXGroup;
			children = (
				A8A0C66E2BC69E4900BE816A /* UserService.swift */,
				A8A0C67A2BC6BF6700BE816A /* ImageUploader.swift */,
				A8A0C6872BC6D8B900BE816A /* PostService.swift */,
			);
			path = Services;
			sourceTree = "<group>";
		};
		A8B040972BC547AC008804E5 /* Extensions */ = {
			isa = PBXGroup;
			children = (
			);
			path = Extensions;
			sourceTree = "<group>";
		};
		A8B040982BC547AE008804E5 /* Core */ = {
			isa = PBXGroup;
			children = (
				A8B0409B2BC547E3008804E5 /* Authentication */,
				A8B0409D2BC547F5008804E5 /* Feed */,
				A8B0409C2BC547F0008804E5 /* Profile */,
				A8B0409E2BC547FD008804E5 /* Root */,
				A8B0409A2BC547DA008804E5 /* Search */,
				A8B0409F2BC5480F008804E5 /* TabBar */,
				A8B040A02BC54818008804E5 /* UploadPost */,
			);
			path = Core;
			sourceTree = "<group>";
		};
		A8B040992BC547B0008804E5 /* App */ = {
			isa = PBXGroup;
			children = (
			);
			path = App;
			sourceTree = "<group>";
		};
		A8B0409A2BC547DA008804E5 /* Search */ = {
			isa = PBXGroup;
			children = (
				A8A0C6702BC69EDD00BE816A /* View */,
				A8A0C6712BC69EE400BE816A /* ViewModel */,
			);
			path = Search;
			sourceTree = "<group>";
		};
		A8B0409B2BC547E3008804E5 /* Authentication */ = {
			isa = PBXGroup;
			children = (
				A8E6B4112BC5B821007CF4EC /* View */,
				A8E6B4102BC5B814007CF4EC /* ViewModel */,
				A8E6B4072BC5B15B007CF4EC /* Service */,
				A8E6B3E22BC5867E007CF4EC /* LoginView.swift */,
				A8E6B3E42BC58BC9007CF4EC /* AddEmailView.swift */,
				A8E6B3E82BC58E2E007CF4EC /* CreateUserNameView.swift */,
				A8E6B3EA2BC58F87007CF4EC /* CreatePasswordView.swift */,
				A8E6B3EC2BC59039007CF4EC /* CompleteSignUpView.swift */,
			);
			path = Authentication;
			sourceTree = "<group>";
		};
		A8B0409C2BC547F0008804E5 /* Profile */ = {
			isa = PBXGroup;
			children = (
				A8A0C6772BC6B17C00BE816A /* View */,
				A8A0C6762BC6B17700BE816A /* ViewModel */,
			);
			path = Profile;
			sourceTree = "<group>";
		};
		A8B0409D2BC547F5008804E5 /* Feed */ = {
			isa = PBXGroup;
			children = (
				A8A0C6842BC6D36200BE816A /* ViewModel */,
				A8A0C6832BC6D35C00BE816A /* View */,
			);
			path = Feed;
			sourceTree = "<group>";
		};
		A8B0409E2BC547FD008804E5 /* Root */ = {
			isa = PBXGroup;
			children = (
				A8E6B40B2BC5B279007CF4EC /* ViewModel */,
				A8E6B40A2BC5B274007CF4EC /* View */,
			);
			path = Root;
			sourceTree = "<group>";
		};
		A8B0409F2BC5480F008804E5 /* TabBar */ = {
			isa = PBXGroup;
			children = (
				A8B040A12BC54859008804E5 /* MainTabView.swift */,
			);
			path = TabBar;
			sourceTree = "<group>";
		};
		A8B040A02BC54818008804E5 /* UploadPost */ = {
			isa = PBXGroup;
			children = (
				A8A0C6812BC6CE9600BE816A /* View */,
				A8A0C6822BC6CE9B00BE816A /* ViewModel */,
			);
			path = UploadPost;
			sourceTree = "<group>";
		};
		A8B040A52BC55453008804E5 /* Components */ = {
			isa = PBXGroup;
			children = (
				A8A0C6892BC6DA7700BE816A /* View */,
				A8A0C68A2BC6DA7E00BE816A /* ViewModel */,
			);
			path = Components;
			sourceTree = "<group>";
		};
		A8E6B4072BC5B15B007CF4EC /* Service */ = {
			isa = PBXGroup;
			children = (
				A8E6B4082BC5B164007CF4EC /* AuthService.swift */,
			);
			path = Service;
			sourceTree = "<group>";
		};
		A8E6B40A2BC5B274007CF4EC /* View */ = {
			isa = PBXGroup;
			children = (
				A8B040882BC54786008804E5 /* ContentView.swift */,
			);
			path = View;
			sourceTree = "<group>";
		};
		A8E6B40B2BC5B279007CF4EC /* ViewModel */ = {
			isa = PBXGroup;
			children = (
				A8E6B40C2BC5B289007CF4EC /* ContentViewModel.swift */,
			);
			path = ViewModel;
			sourceTree = "<group>";
		};
		A8E6B4102BC5B814007CF4EC /* ViewModel */ = {
			isa = PBXGroup;
			children = (
				A8E6B40E2BC5B79D007CF4EC /* RegistrationViewModel.swift */,
				A8E6B4122BC5C45C007CF4EC /* LoginViewModel.swift */,
			);
			path = ViewModel;
			sourceTree = "<group>";
		};
		A8E6B4112BC5B821007CF4EC /* View */ = {
			isa = PBXGroup;
			children = (
			);
			path = View;
			sourceTree = "<group>";
		};
/* End PBXGroup section */

/* Begin PBXNativeTarget section */
		A8B040822BC54786008804E5 /* Instagram */ = {
			isa = PBXNativeTarget;
			buildConfigurationList = A8B040912BC54787008804E5 /* Build configuration list for PBXNativeTarget "Instagram" */;
			buildPhases = (
				A8B0407F2BC54786008804E5 /* Sources */,
				A8B040802BC54786008804E5 /* Frameworks */,
				A8B040812BC54786008804E5 /* Resources */,
			);
			buildRules = (
			);
			dependencies = (
			);
			name = Instagram;
			packageProductDependencies = (
				A8E6B3FF2BC5AFCE007CF4EC /* FirebaseAuth */,
				A8E6B4012BC5AFCE007CF4EC /* FirebaseFirestore */,
				A8E6B4032BC5AFCE007CF4EC /* FirebaseFirestoreSwift */,
				A8E6B4052BC5AFCE007CF4EC /* FirebaseStorage */,
				A8A0C67D2BC6C9DC00BE816A /* Kingfisher */,
			);
			productName = Instagram;
			productReference = A8B040832BC54786008804E5 /* Instagram.app */;
			productType = "com.apple.product-type.application";
		};
/* End PBXNativeTarget section */

/* Begin PBXProject section */
		A8B0407B2BC54786008804E5 /* Project object */ = {
			isa = PBXProject;
			attributes = {
				BuildIndependentTargetsInParallel = 1;
				LastSwiftUpdateCheck = 1530;
				LastUpgradeCheck = 1530;
				TargetAttributes = {
					A8B040822BC54786008804E5 = {
						CreatedOnToolsVersion = 15.3;
					};
				};
			};
			buildConfigurationList = A8B0407E2BC54786008804E5 /* Build configuration list for PBXProject "Instagram" */;
			compatibilityVersion = "Xcode 14.0";
			developmentRegion = en;
			hasScannedForEncodings = 0;
			knownRegions = (
				en,
				Base,
			);
			mainGroup = A8B0407A2BC54786008804E5;
			packageReferences = (
				A8E6B3FE2BC5AFCE007CF4EC /* XCRemoteSwiftPackageReference "firebase-ios-sdk" */,
				A8A0C67C2BC6C9DC00BE816A /* XCRemoteSwiftPackageReference "Kingfisher" */,
			);
			productRefGroup = A8B040842BC54786008804E5 /* Products */;
			projectDirPath = "";
			projectRoot = "";
			targets = (
				A8B040822BC54786008804E5 /* Instagram */,
			);
		};
/* End PBXProject section */

/* Begin PBXResourcesBuildPhase section */
		A8B040812BC54786008804E5 /* Resources */ = {
			isa = PBXResourcesBuildPhase;
			buildActionMask = 2147483647;
			files = (
				A8B0408E2BC54787008804E5 /* Preview Assets.xcassets in Resources */,
				A8B0408B2BC54787008804E5 /* Assets.xcassets in Resources */,
				A8E6B3FD2BC5AF0C007CF4EC /* GoogleService-Info.plist in Resources */,
			);
			runOnlyForDeploymentPostprocessing = 0;
		};
/* End PBXResourcesBuildPhase section */

/* Begin PBXSourcesBuildPhase section */
		A8B0407F2BC54786008804E5 /* Sources */ = {
			isa = PBXSourcesBuildPhase;
			buildActionMask = 2147483647;
			files = (
				A8E6B3DF2BC57FF5007CF4EC /* FeedView.swift in Sources */,
				A8E6B3F92BC5A2FA007CF4EC /* UploadPostView.swift in Sources */,
				A8A0C6792BC6B18A00BE816A /* EditProfileViewModel.swift in Sources */,
				A8B040A42BC54934008804E5 /* ProfileView.swift in Sources */,
				A8E6B3E92BC58E2E007CF4EC /* CreateUserNameView.swift in Sources */,
				A8B040892BC54786008804E5 /* ContentView.swift in Sources */,
				A8E6B4092BC5B164007CF4EC /* AuthService.swift in Sources */,
				A8A0C66F2BC69E4900BE816A /* UserService.swift in Sources */,
				A8E6B3F32BC59C52007CF4EC /* Post.swift in Sources */,
				A8E6B3E32BC5867E007CF4EC /* LoginView.swift in Sources */,
				A8E6B3F12BC599BF007CF4EC /* CurrentUserProfileView.swift in Sources */,
				A8B040872BC54786008804E5 /* InstagramApp.swift in Sources */,
				A8E6B3F52BC5A065007CF4EC /* PostGridView.swift in Sources */,
				A8E6B3E52BC58BC9007CF4EC /* AddEmailView.swift in Sources */,
				A8A0C6862BC6D37700BE816A /* FeedViewModel.swift in Sources */,
				A8E6B40D2BC5B289007CF4EC /* ContentViewModel.swift in Sources */,
				A8A0C6882BC6D8B900BE816A /* PostService.swift in Sources */,
				A8A0C6752BC6ACAF00BE816A /* EditProfileView.swift in Sources */,
				A8A0C68C2BC6DAAC00BE816A /* PostGridViewModel.swift in Sources */,
				A8E6B4132BC5C45C007CF4EC /* LoginViewModel.swift in Sources */,
				A8A0C67B2BC6BF6700BE816A /* ImageUploader.swift in Sources */,
				A8E6B40F2BC5B79D007CF4EC /* RegistrationViewModel.swift in Sources */,
				A8E6B3FB2BC5A525007CF4EC /* UploadPostViewModel.swift in Sources */,
				A8E6B3F72BC5A149007CF4EC /* ProfileHeaderView.swift in Sources */,
				A8E6B3ED2BC59039007CF4EC /* CompleteSignUpView.swift in Sources */,
				A8E6B3EF2BC59622007CF4EC /* User.swift in Sources */,
				A8E6B3E12BC584C3007CF4EC /* SearchView.swift in Sources */,
				A8E6B3E72BC58D92007CF4EC /* IGTextFieldModifier.swift in Sources */,
				A8B040A72BC5546F008804E5 /* UserStatView.swift in Sources */,
				A8B040A22BC54859008804E5 /* MainTabView.swift in Sources */,
				A8A0C6802BC6CA2000BE816A /* CircularProfileImageView.swift in Sources */,
				A8A0C6732BC69EFF00BE816A /* SearchViewModel.swift in Sources */,
				A8E6B3DD2BC57FEF007CF4EC /* FeedCell.swift in Sources */,
				A8E6B3EB2BC58F87007CF4EC /* CreatePasswordView.swift in Sources */,
			);
			runOnlyForDeploymentPostprocessing = 0;
		};
/* End PBXSourcesBuildPhase section */

/* Begin XCBuildConfiguration section */
		A8B0408F2BC54787008804E5 /* Debug */ = {
			isa = XCBuildConfiguration;
			buildSettings = {
				ALWAYS_SEARCH_USER_PATHS = NO;
				ASSETCATALOG_COMPILER_GENERATE_SWIFT_ASSET_SYMBOL_EXTENSIONS = YES;
				CLANG_ANALYZER_NONNULL = YES;
				CLANG_ANALYZER_NUMBER_OBJECT_CONVERSION = YES_AGGRESSIVE;
				CLANG_CXX_LANGUAGE_STANDARD = "gnu++20";
				CLANG_ENABLE_MODULES = YES;
				CLANG_ENABLE_OBJC_ARC = YES;
				CLANG_ENABLE_OBJC_WEAK = YES;
				CLANG_WARN_BLOCK_CAPTURE_AUTORELEASING = YES;
				CLANG_WARN_BOOL_CONVERSION = YES;
				CLANG_WARN_COMMA = YES;
				CLANG_WARN_CONSTANT_CONVERSION = YES;
				CLANG_WARN_DEPRECATED_OBJC_IMPLEMENTATIONS = YES;
				CLANG_WARN_DIRECT_OBJC_ISA_USAGE = YES_ERROR;
				CLANG_WARN_DOCUMENTATION_COMMENTS = YES;
				CLANG_WARN_EMPTY_BODY = YES;
				CLANG_WARN_ENUM_CONVERSION = YES;
				CLANG_WARN_INFINITE_RECURSION = YES;
				CLANG_WARN_INT_CONVERSION = YES;
				CLANG_WARN_NON_LITERAL_NULL_CONVERSION = YES;
				CLANG_WARN_OBJC_IMPLICIT_RETAIN_SELF = YES;
				CLANG_WARN_OBJC_LITERAL_CONVERSION = YES;
				CLANG_WARN_OBJC_ROOT_CLASS = YES_ERROR;
				CLANG_WARN_QUOTED_INCLUDE_IN_FRAMEWORK_HEADER = YES;
				CLANG_WARN_RANGE_LOOP_ANALYSIS = YES;
				CLANG_WARN_STRICT_PROTOTYPES = YES;
				CLANG_WARN_SUSPICIOUS_MOVE = YES;
				CLANG_WARN_UNGUARDED_AVAILABILITY = YES_AGGRESSIVE;
				CLANG_WARN_UNREACHABLE_CODE = YES;
				CLANG_WARN__DUPLICATE_METHOD_MATCH = YES;
				COPY_PHASE_STRIP = NO;
				DEBUG_INFORMATION_FORMAT = dwarf;
				ENABLE_STRICT_OBJC_MSGSEND = YES;
				ENABLE_TESTABILITY = YES;
				ENABLE_USER_SCRIPT_SANDBOXING = YES;
				GCC_C_LANGUAGE_STANDARD = gnu17;
				GCC_DYNAMIC_NO_PIC = NO;
				GCC_NO_COMMON_BLOCKS = YES;
				GCC_OPTIMIZATION_LEVEL = 0;
				GCC_PREPROCESSOR_DEFINITIONS = (
					"DEBUG=1",
					"$(inherited)",
				);
				GCC_WARN_64_TO_32_BIT_CONVERSION = YES;
				GCC_WARN_ABOUT_RETURN_TYPE = YES_ERROR;
				GCC_WARN_UNDECLARED_SELECTOR = YES;
				GCC_WARN_UNINITIALIZED_AUTOS = YES_AGGRESSIVE;
				GCC_WARN_UNUSED_FUNCTION = YES;
				GCC_WARN_UNUSED_VARIABLE = YES;
				IPHONEOS_DEPLOYMENT_TARGET = 17.4;
				LOCALIZATION_PREFERS_STRING_CATALOGS = YES;
				MTL_ENABLE_DEBUG_INFO = INCLUDE_SOURCE;
				MTL_FAST_MATH = YES;
				ONLY_ACTIVE_ARCH = YES;
				SDKROOT = iphoneos;
				SWIFT_ACTIVE_COMPILATION_CONDITIONS = "DEBUG $(inherited)";
				SWIFT_OPTIMIZATION_LEVEL = "-Onone";
			};
			name = Debug;
		};
		A8B040902BC54787008804E5 /* Release */ = {
			isa = XCBuildConfiguration;
			buildSettings = {
				ALWAYS_SEARCH_USER_PATHS = NO;
				ASSETCATALOG_COMPILER_GENERATE_SWIFT_ASSET_SYMBOL_EXTENSIONS = YES;
				CLANG_ANALYZER_NONNULL = YES;
				CLANG_ANALYZER_NUMBER_OBJECT_CONVERSION = YES_AGGRESSIVE;
				CLANG_CXX_LANGUAGE_STANDARD = "gnu++20";
				CLANG_ENABLE_MODULES = YES;
				CLANG_ENABLE_OBJC_ARC = YES;
				CLANG_ENABLE_OBJC_WEAK = YES;
				CLANG_WARN_BLOCK_CAPTURE_AUTORELEASING = YES;
				CLANG_WARN_BOOL_CONVERSION = YES;
				CLANG_WARN_COMMA = YES;
				CLANG_WARN_CONSTANT_CONVERSION = YES;
				CLANG_WARN_DEPRECATED_OBJC_IMPLEMENTATIONS = YES;
				CLANG_WARN_DIRECT_OBJC_ISA_USAGE = YES_ERROR;
				CLANG_WARN_DOCUMENTATION_COMMENTS = YES;
				CLANG_WARN_EMPTY_BODY = YES;
				CLANG_WARN_ENUM_CONVERSION = YES;
				CLANG_WARN_INFINITE_RECURSION = YES;
				CLANG_WARN_INT_CONVERSION = YES;
				CLANG_WARN_NON_LITERAL_NULL_CONVERSION = YES;
				CLANG_WARN_OBJC_IMPLICIT_RETAIN_SELF = YES;
				CLANG_WARN_OBJC_LITERAL_CONVERSION = YES;
				CLANG_WARN_OBJC_ROOT_CLASS = YES_ERROR;
				CLANG_WARN_QUOTED_INCLUDE_IN_FRAMEWORK_HEADER = YES;
				CLANG_WARN_RANGE_LOOP_ANALYSIS = YES;
				CLANG_WARN_STRICT_PROTOTYPES = YES;
				CLANG_WARN_SUSPICIOUS_MOVE = YES;
				CLANG_WARN_UNGUARDED_AVAILABILITY = YES_AGGRESSIVE;
				CLANG_WARN_UNREACHABLE_CODE = YES;
				CLANG_WARN__DUPLICATE_METHOD_MATCH = YES;
				COPY_PHASE_STRIP = NO;
				DEBUG_INFORMATION_FORMAT = "dwarf-with-dsym";
				ENABLE_NS_ASSERTIONS = NO;
				ENABLE_STRICT_OBJC_MSGSEND = YES;
				ENABLE_USER_SCRIPT_SANDBOXING = YES;
				GCC_C_LANGUAGE_STANDARD = gnu17;
				GCC_NO_COMMON_BLOCKS = YES;
				GCC_WARN_64_TO_32_BIT_CONVERSION = YES;
				GCC_WARN_ABOUT_RETURN_TYPE = YES_ERROR;
				GCC_WARN_UNDECLARED_SELECTOR = YES;
				GCC_WARN_UNINITIALIZED_AUTOS = YES_AGGRESSIVE;
				GCC_WARN_UNUSED_FUNCTION = YES;
				GCC_WARN_UNUSED_VARIABLE = YES;
				IPHONEOS_DEPLOYMENT_TARGET = 17.4;
				LOCALIZATION_PREFERS_STRING_CATALOGS = YES;
				MTL_ENABLE_DEBUG_INFO = NO;
				MTL_FAST_MATH = YES;
				SDKROOT = iphoneos;
				SWIFT_COMPILATION_MODE = wholemodule;
				VALIDATE_PRODUCT = YES;
			};
			name = Release;
		};
		A8B040922BC54787008804E5 /* Debug */ = {
			isa = XCBuildConfiguration;
			buildSettings = {
				ASSETCATALOG_COMPILER_APPICON_NAME = AppIcon;
				ASSETCATALOG_COMPILER_GLOBAL_ACCENT_COLOR_NAME = AccentColor;
				CODE_SIGN_STYLE = Automatic;
				CURRENT_PROJECT_VERSION = 1;
				DEVELOPMENT_ASSET_PATHS = "\"Instagram/Preview Content\"";
				DEVELOPMENT_TEAM = 6C2K9RV82H;
				ENABLE_PREVIEWS = YES;
				GENERATE_INFOPLIST_FILE = YES;
				INFOPLIST_KEY_UIApplicationSceneManifest_Generation = YES;
				INFOPLIST_KEY_UIApplicationSupportsIndirectInputEvents = YES;
				INFOPLIST_KEY_UILaunchScreen_Generation = YES;
				INFOPLIST_KEY_UISupportedInterfaceOrientations_iPad = "UIInterfaceOrientationPortrait UIInterfaceOrientationPortraitUpsideDown UIInterfaceOrientationLandscapeLeft UIInterfaceOrientationLandscapeRight";
				INFOPLIST_KEY_UISupportedInterfaceOrientations_iPhone = "UIInterfaceOrientationPortrait UIInterfaceOrientationLandscapeLeft UIInterfaceOrientationLandscapeRight";
				LD_RUNPATH_SEARCH_PATHS = (
					"$(inherited)",
					"@executable_path/Frameworks",
				);
				MARKETING_VERSION = 1.0;
				PRODUCT_BUNDLE_IDENTIFIER = swampholyten.Instagram;
				PRODUCT_NAME = "$(TARGET_NAME)";
				SWIFT_EMIT_LOC_STRINGS = YES;
				SWIFT_VERSION = 5.0;
				TARGETED_DEVICE_FAMILY = "1,2";
			};
			name = Debug;
		};
		A8B040932BC54787008804E5 /* Release */ = {
			isa = XCBuildConfiguration;
			buildSettings = {
				ASSETCATALOG_COMPILER_APPICON_NAME = AppIcon;
				ASSETCATALOG_COMPILER_GLOBAL_ACCENT_COLOR_NAME = AccentColor;
				CODE_SIGN_STYLE = Automatic;
				CURRENT_PROJECT_VERSION = 1;
				DEVELOPMENT_ASSET_PATHS = "\"Instagram/Preview Content\"";
				DEVELOPMENT_TEAM = 6C2K9RV82H;
				ENABLE_PREVIEWS = YES;
				GENERATE_INFOPLIST_FILE = YES;
				INFOPLIST_KEY_UIApplicationSceneManifest_Generation = YES;
				INFOPLIST_KEY_UIApplicationSupportsIndirectInputEvents = YES;
				INFOPLIST_KEY_UILaunchScreen_Generation = YES;
				INFOPLIST_KEY_UISupportedInterfaceOrientations_iPad = "UIInterfaceOrientationPortrait UIInterfaceOrientationPortraitUpsideDown UIInterfaceOrientationLandscapeLeft UIInterfaceOrientationLandscapeRight";
				INFOPLIST_KEY_UISupportedInterfaceOrientations_iPhone = "UIInterfaceOrientationPortrait UIInterfaceOrientationLandscapeLeft UIInterfaceOrientationLandscapeRight";
				LD_RUNPATH_SEARCH_PATHS = (
					"$(inherited)",
					"@executable_path/Frameworks",
				);
				MARKETING_VERSION = 1.0;
				PRODUCT_BUNDLE_IDENTIFIER = swampholyten.Instagram;
				PRODUCT_NAME = "$(TARGET_NAME)";
				SWIFT_EMIT_LOC_STRINGS = YES;
				SWIFT_VERSION = 5.0;
				TARGETED_DEVICE_FAMILY = "1,2";
			};
			name = Release;
		};
/* End XCBuildConfiguration section */

/* Begin XCConfigurationList section */
		A8B0407E2BC54786008804E5 /* Build configuration list for PBXProject "Instagram" */ = {
			isa = XCConfigurationList;
			buildConfigurations = (
				A8B0408F2BC54787008804E5 /* Debug */,
				A8B040902BC54787008804E5 /* Release */,
			);
			defaultConfigurationIsVisible = 0;
			defaultConfigurationName = Release;
		};
		A8B040912BC54787008804E5 /* Build configuration list for PBXNativeTarget "Instagram" */ = {
			isa = XCConfigurationList;
			buildConfigurations = (
				A8B040922BC54787008804E5 /* Debug */,
				A8B040932BC54787008804E5 /* Release */,
			);
			defaultConfigurationIsVisible = 0;
			defaultConfigurationName = Release;
		};
/* End XCConfigurationList section */

/* Begin XCRemoteSwiftPackageReference section */
		A8A0C67C2BC6C9DC00BE816A /* XCRemoteSwiftPackageReference "Kingfisher" */ = {
			isa = XCRemoteSwiftPackageReference;
			repositoryURL = "https://github.com/onevcat/Kingfisher.git";
			requirement = {
				kind = upToNextMajorVersion;
				minimumVersion = 7.11.0;
			};
		};
		A8E6B3FE2BC5AFCE007CF4EC /* XCRemoteSwiftPackageReference "firebase-ios-sdk" */ = {
			isa = XCRemoteSwiftPackageReference;
			repositoryURL = "https://github.com/firebase/firebase-ios-sdk";
			requirement = {
				kind = upToNextMajorVersion;
				minimumVersion = 10.24.0;
			};
		};
/* End XCRemoteSwiftPackageReference section */

/* Begin XCSwiftPackageProductDependency section */
		A8A0C67D2BC6C9DC00BE816A /* Kingfisher */ = {
			isa = XCSwiftPackageProductDependency;
			package = A8A0C67C2BC6C9DC00BE816A /* XCRemoteSwiftPackageReference "Kingfisher" */;
			productName = Kingfisher;
		};
		A8E6B3FF2BC5AFCE007CF4EC /* FirebaseAuth */ = {
			isa = XCSwiftPackageProductDependency;
			package = A8E6B3FE2BC5AFCE007CF4EC /* XCRemoteSwiftPackageReference "firebase-ios-sdk" */;
			productName = FirebaseAuth;
		};
		A8E6B4012BC5AFCE007CF4EC /* FirebaseFirestore */ = {
			isa = XCSwiftPackageProductDependency;
			package = A8E6B3FE2BC5AFCE007CF4EC /* XCRemoteSwiftPackageReference "firebase-ios-sdk" */;
			productName = FirebaseFirestore;
		};
		A8E6B4032BC5AFCE007CF4EC /* FirebaseFirestoreSwift */ = {
			isa = XCSwiftPackageProductDependency;
			package = A8E6B3FE2BC5AFCE007CF4EC /* XCRemoteSwiftPackageReference "firebase-ios-sdk" */;
			productName = FirebaseFirestoreSwift;
		};
		A8E6B4052BC5AFCE007CF4EC /* FirebaseStorage */ = {
			isa = XCSwiftPackageProductDependency;
			package = A8E6B3FE2BC5AFCE007CF4EC /* XCRemoteSwiftPackageReference "firebase-ios-sdk" */;
			productName = FirebaseStorage;
		};
/* End XCSwiftPackageProductDependency section */
	};
	rootObject = A8B0407B2BC54786008804E5 /* Project object */;
}
